
Microsoft Visual Studio Solution File, Format Version 12.00
# Visual Studio Version 17
VisualStudioVersion = 17.11.35222.181
MinimumVisualStudioVersion = 10.0.40219.1
Project("{FAE04EC0-301F-11D3-BF4B-00C04F79EFBC}") = "zadanie1_pesel", "zadanie1_pesel\zadanie1_pesel.csproj", "{6F95252B-2563-47AD-911E-A61584BFAA4A}"
EndProject
Global
	GlobalSection(SolutionConfigurationPlatforms) = preSolution
		Debug|Any CPU = Debug|Any CPU
		Release|Any CPU = Release|Any CPU
	EndGlobalSection
	GlobalSection(ProjectConfigurationPlatforms) = postSolution
		{6F95252B-2563-47AD-911E-A61584BFAA4A}.Debug|Any CPU.ActiveCfg = Debug|Any CPU
		{6F95252B-2563-47AD-911E-A61584BFAA4A}.Debug|Any CPU.Build.0 = Debug|Any CPU
		{6F95252B-2563-47AD-911E-A61584BFAA4A}.Release|Any CPU.ActiveCfg = Release|Any CPU
		{6F95252B-2563-47AD-911E-A61584BFAA4A}.Release|Any CPU.Build.0 = Release|Any CPU
	EndGlobalSection
	GlobalSection(SolutionProperties) = preSolution
		HideSolutionNode = FALSE
	EndGlobalSection
	GlobalSection(ExtensibilityGlobals) = postSolution
		SolutionGuid = {9D937DAD-0436-49A6-B9E0-BCC3D8E1247F}
	EndGlobalSection
EndGlobal
